// !$*UTF8*$!
{
	archiveVersion = 1;
	classes = {
	};
	objectVersion = 48;
	objects = {

/* Begin PBXBuildFile section */
		232F205D213A253500D68E3E /* AppDelegate.swift in Sources */ = {isa = PBXBuildFile; fileRef = 232F205C213A253500D68E3E /* AppDelegate.swift */; };
		232F205F213A253500D68E3E /* ViewController.swift in Sources */ = {isa = PBXBuildFile; fileRef = 232F205E213A253500D68E3E /* ViewController.swift */; };
		232F2062213A253500D68E3E /* Main.storyboard in Resources */ = {isa = PBXBuildFile; fileRef = 232F2060213A253500D68E3E /* Main.storyboard */; };
		232F2064213A253500D68E3E /* Assets.xcassets in Resources */ = {isa = PBXBuildFile; fileRef = 232F2063213A253500D68E3E /* Assets.xcassets */; };
		232F2067213A253500D68E3E /* LaunchScreen.storyboard in Resources */ = {isa = PBXBuildFile; fileRef = 232F2065213A253500D68E3E /* LaunchScreen.storyboard */; };
		233E838F21ABAB330032156B /* RefreshController.swift in Sources */ = {isa = PBXBuildFile; fileRef = 233E838E21ABAB330032156B /* RefreshController.swift */; };
		23CAEF9A216A8E1300E61E9C /* QuestionController.swift in Sources */ = {isa = PBXBuildFile; fileRef = 23CAEF99216A8E1200E61E9C /* QuestionController.swift */; };
		23CAEF9C216AC31800E61E9C /* ResultController.swift in Sources */ = {isa = PBXBuildFile; fileRef = 23CAEF9B216AC31800E61E9C /* ResultController.swift */; };
/* End PBXBuildFile section */

/* Begin PBXFileReference section */
		232F2059213A253500D68E3E /* ProtoType 2.5.app */ = {isa = PBXFileReference; explicitFileType = wrapper.application; includeInIndex = 0; path = "ProtoType 2.5.app"; sourceTree = BUILT_PRODUCTS_DIR; };
		232F205C213A253500D68E3E /* AppDelegate.swift */ = {isa = PBXFileReference; lastKnownFileType = sourcecode.swift; path = AppDelegate.swift; sourceTree = "<group>"; };
		232F205E213A253500D68E3E /* ViewController.swift */ = {isa = PBXFileReference; lastKnownFileType = sourcecode.swift; path = ViewController.swift; sourceTree = "<group>"; };
		232F2061213A253500D68E3E /* Base */ = {isa = PBXFileReference; lastKnownFileType = file.storyboard; name = Base; path = Base.lproj/Main.storyboard; sourceTree = "<group>"; };
		232F2063213A253500D68E3E /* Assets.xcassets */ = {isa = PBXFileReference; lastKnownFileType = folder.assetcatalog; path = Assets.xcassets; sourceTree = "<group>"; };
		232F2066213A253500D68E3E /* Base */ = {isa = PBXFileReference; lastKnownFileType = file.storyboard; name = Base; path = Base.lproj/LaunchScreen.storyboard; sourceTree = "<group>"; };
		232F2068213A253500D68E3E /* Info.plist */ = {isa = PBXFileReference; lastKnownFileType = text.plist.xml; path = Info.plist; sourceTree = "<group>"; };
		233E838E21ABAB330032156B /* RefreshController.swift */ = {isa = PBXFileReference; lastKnownFileType = sourcecode.swift; path = RefreshController.swift; sourceTree = "<group>"; };
		23CAEF99216A8E1200E61E9C /* QuestionController.swift */ = {isa = PBXFileReference; lastKnownFileType = sourcecode.swift; path = QuestionController.swift; sourceTree = "<group>"; };
		23CAEF9B216AC31800E61E9C /* ResultController.swift */ = {isa = PBXFileReference; lastKnownFileType = sourcecode.swift; path = ResultController.swift; sourceTree = "<group>"; };
/* End PBXFileReference section */

/* Begin PBXFrameworksBuildPhase section */
		232F2056213A253500D68E3E /* Frameworks */ = {
			isa = PBXFrameworksBuildPhase;
			buildActionMask = 2147483647;
			files = (
			);
			runOnlyForDeploymentPostprocessing = 0;
		};
/* End PBXFrameworksBuildPhase section */

/* Begin PBXGroup section */
		232F2050213A253500D68E3E = {
			isa = PBXGroup;
			children = (
				232F205B213A253500D68E3E /* ProtoType 2.5 */,
				232F205A213A253500D68E3E /* Products */,
			);
			sourceTree = "<group>";
		};
		232F205A213A253500D68E3E /* Products */ = {
			isa = PBXGroup;
			children = (
				232F2059213A253500D68E3E /* ProtoType 2.5.app */,
			);
			name = Products;
			sourceTree = "<group>";
		};
		232F205B213A253500D68E3E /* ProtoType 2.5 */ = {
			isa = PBXGroup;
			children = (
				232F205C213A253500D68E3E /* AppDelegate.swift */,
				23CAEF99216A8E1200E61E9C /* QuestionController.swift */,
				233E838E21ABAB330032156B /* RefreshController.swift */,
				232F205E213A253500D68E3E /* ViewController.swift */,
				232F2060213A253500D68E3E /* Main.storyboard */,
				23CAEF9B216AC31800E61E9C /* ResultController.swift */,
				232F2063213A253500D68E3E /* Assets.xcassets */,
				232F2065213A253500D68E3E /* LaunchScreen.storyboard */,
				232F2068213A253500D68E3E /* Info.plist */,
			);
			path = "ProtoType 2.5";
			sourceTree = "<group>";
		};
/* End PBXGroup section */

/* Begin PBXNativeTarget section */
		232F2058213A253500D68E3E /* ProtoType 2.5 */ = {
			isa = PBXNativeTarget;
			buildConfigurationList = 232F206B213A253500D68E3E /* Build configuration list for PBXNativeTarget "ProtoType 2.5" */;
			buildPhases = (
				232F2055213A253500D68E3E /* Sources */,
				232F2056213A253500D68E3E /* Frameworks */,
				232F2057213A253500D68E3E /* Resources */,
			);
			buildRules = (
			);
			dependencies = (
			);
			name = "ProtoType 2.5";
			productName = "ProtoType 1.1";
			productReference = 232F2059213A253500D68E3E /* ProtoType 2.5.app */;
			productType = "com.apple.product-type.application";
		};
/* End PBXNativeTarget section */

/* Begin PBXProject section */
		232F2051213A253500D68E3E /* Project object */ = {
			isa = PBXProject;
			attributes = {
				LastSwiftUpdateCheck = 0920;
				LastUpgradeCheck = 0920;
				ORGANIZATIONNAME = 3to1;
				TargetAttributes = {
					232F2058213A253500D68E3E = {
						CreatedOnToolsVersion = 9.2;
						ProvisioningStyle = Automatic;
					};
				};
			};
			buildConfigurationList = 232F2054213A253500D68E3E /* Build configuration list for PBXProject "ProtoType 2.5" */;
			compatibilityVersion = "Xcode 8.0";
			developmentRegion = en;
			hasScannedForEncodings = 0;
			knownRegions = (
				en,
				Base,
			);
			mainGroup = 232F2050213A253500D68E3E;
			productRefGroup = 232F205A213A253500D68E3E /* Products */;
			projectDirPath = "";
			projectRoot = "";
			targets = (
				232F2058213A253500D68E3E /* ProtoType 2.5 */,
			);
		};
/* End PBXProject section */

/* Begin PBXResourcesBuildPhase section */
		232F2057213A253500D68E3E /* Resources */ = {
			isa = PBXResourcesBuildPhase;
			buildActionMask = 2147483647;
			files = (
				232F2067213A253500D68E3E /* LaunchScreen.storyboard in Resources */,
				232F2064213A253500D68E3E /* Assets.xcassets in Resources */,
				232F2062213A253500D68E3E /* Main.storyboard in Resources */,
			);
			runOnlyForDeploymentPostprocessing = 0;
		};
/* End PBXResourcesBuildPhase section */

/* Begin PBXSourcesBuildPhase section */
		232F2055213A253500D68E3E /* Sources */ = {
			isa = PBXSourcesBuildPhase;
			buildActionMask = 2147483647;
			files = (
				23CAEF9C216AC31800E61E9C /* ResultController.swift in Sources */,
				232F205F213A253500D68E3E /* ViewController.swift in Sources */,
				233E838F21ABAB330032156B /* RefreshController.swift in Sources */,
				232F205D213A253500D68E3E /* AppDelegate.swift in Sources */,
				23CAEF9A216A8E1300E61E9C /* QuestionController.swift in Sources */,
			);
			runOnlyForDeploymentPostprocessing = 0;
		};
/* End PBXSourcesBuildPhase section */

/* Begin PBXVariantGroup section */
		232F2060213A253500D68E3E /* Main.storyboard */ = {
			isa = PBXVariantGroup;
			children = (
				232F2061213A253500D68E3E /* Base */,
			);
			name = Main.storyboard;
			sourceTree = "<group>";
		};
		232F2065213A253500D68E3E /* LaunchScreen.storyboard */ = {
			isa = PBXVariantGroup;
			children = (
				232F2066213A253500D68E3E /* Base */,
			);
			name = LaunchScreen.storyboard;
			sourceTree = "<group>";
		};
/* End PBXVariantGroup section */

/* Begin XCBuildConfiguration section */
		232F2069213A253500D68E3E /* Debug */ = {
			isa = XCBuildConfiguration;
			buildSettings = {
				ALWAYS_SEARCH_USER_PATHS = NO;
				CLANG_ANALYZER_NONNULL = YES;
				CLANG_ANALYZER_NUMBER_OBJECT_CONVERSION = YES_AGGRESSIVE;
				CLANG_CXX_LANGUAGE_STANDARD = "gnu++14";
				CLANG_CXX_LIBRARY = "libc++";
				CLANG_ENABLE_MODULES = YES;
				CLANG_ENABLE_OBJC_ARC = YES;
				CLANG_WARN_BLOCK_CAPTURE_AUTORELEASING = YES;
				CLANG_WARN_BOOL_CONVERSION = YES;
				CLANG_WARN_COMMA = YES;
				CLANG_WARN_CONSTANT_CONVERSION = YES;
				CLANG_WARN_DIRECT_OBJC_ISA_USAGE = YES_ERROR;
				CLANG_WARN_DOCUMENTATION_COMMENTS = YES;
				CLANG_WARN_EMPTY_BODY = YES;
				CLANG_WARN_ENUM_CONVERSION = YES;
				CLANG_WARN_INFINITE_RECURSION = YES;
				CLANG_WARN_INT_CONVERSION = YES;
				CLANG_WARN_NON_LITERAL_NULL_CONVERSION = YES;
				CLANG_WARN_OBJC_LITERAL_CONVERSION = YES;
				CLANG_WARN_OBJC_ROOT_CLASS = YES_ERROR;
				CLANG_WARN_RANGE_LOOP_ANALYSIS = YES;
				CLANG_WARN_STRICT_PROTOTYPES = YES;
				CLANG_WARN_SUSPICIOUS_MOVE = YES;
				CLANG_WARN_UNGUARDED_AVAILABILITY = YES_AGGRESSIVE;
				CLANG_WARN_UNREACHABLE_CODE = YES;
				CLANG_WARN__DUPLICATE_METHOD_MATCH = YES;
				CODE_SIGN_IDENTITY = "iPhone Developer";
				COPY_PHASE_STRIP = NO;
				DEBUG_INFORMATION_FORMAT = dwarf;
				ENABLE_STRICT_OBJC_MSGSEND = YES;
				ENABLE_TESTABILITY = YES;
				GCC_C_LANGUAGE_STANDARD = gnu11;
				GCC_DYNAMIC_NO_PIC = NO;
				GCC_NO_COMMON_BLOCKS = YES;
				GCC_OPTIMIZATION_LEVEL = 0;
				GCC_PREPROCESSOR_DEFINITIONS = (
					"DEBUG=1",
					"$(inherited)",
				);
				GCC_WARN_64_TO_32_BIT_CONVERSION = YES;
				GCC_WARN_ABOUT_RETURN_TYPE = YES_ERROR;
				GCC_WARN_UNDECLARED_SELECTOR = YES;
				GCC_WARN_UNINITIALIZED_AUTOS = YES_AGGRESSIVE;
				GCC_WARN_UNUSED_FUNCTION = YES;
				GCC_WARN_UNUSED_VARIABLE = YES;
				IPHONEOS_DEPLOYMENT_TARGET = 11.2;
				MTL_ENABLE_DEBUG_INFO = YES;
				ONLY_ACTIVE_ARCH = YES;
				SDKROOT = iphoneos;
				SWIFT_ACTIVE_COMPILATION_CONDITIONS = DEBUG;
				SWIFT_OPTIMIZATION_LEVEL = "-Onone";
			};
			name = Debug;
		};
		232F206A213A253500D68E3E /* Release */ = {
			isa = XCBuildConfiguration;
			buildSettings = {
				ALWAYS_SEARCH_USER_PATHS = NO;
				CLANG_ANALYZER_NONNULL = YES;
				CLANG_ANALYZER_NUMBER_OBJECT_CONVERSION = YES_AGGRESSIVE;
				CLANG_CXX_LANGUAGE_STANDARD = "gnu++14";
				CLANG_CXX_LIBRARY = "libc++";
				CLANG_ENABLE_MODULES = YES;
				CLANG_ENABLE_OBJC_ARC = YES;
				CLANG_WARN_BLOCK_CAPTURE_AUTORELEASING = YES;
				CLANG_WARN_BOOL_CONVERSION = YES;
				CLANG_WARN_COMMA = YES;
				CLANG_WARN_CONSTANT_CONVERSION = YES;
				CLANG_WARN_DIRECT_OBJC_ISA_USAGE = YES_ERROR;
				CLANG_WARN_DOCUMENTATION_COMMENTS = YES;
				CLANG_WARN_EMPTY_BODY = YES;
				CLANG_WARN_ENUM_CONVERSION = YES;
				CLANG_WARN_INFINITE_RECURSION = YES;
				CLANG_WARN_INT_CONVERSION = YES;
				CLANG_WARN_NON_LITERAL_NULL_CONVERSION = YES;
				CLANG_WARN_OBJC_LITERAL_CONVERSION = YES;
				CLANG_WARN_OBJC_ROOT_CLASS = YES_ERROR;
				CLANG_WARN_RANGE_LOOP_ANALYSIS = YES;
				CLANG_WARN_STRICT_PROTOTYPES = YES;
				CLANG_WARN_SUSPICIOUS_MOVE = YES;
				CLANG_WARN_UNGUARDED_AVAILABILITY = YES_AGGRESSIVE;
				CLANG_WARN_UNREACHABLE_CODE = YES;
				CLANG_WARN__DUPLICATE_METHOD_MATCH = YES;
				CODE_SIGN_IDENTITY = "iPhone Developer";
				COPY_PHASE_STRIP = NO;
				DEBUG_INFORMATION_FORMAT = "dwarf-with-dsym";
				ENABLE_NS_ASSERTIONS = NO;
				ENABLE_STRICT_OBJC_MSGSEND = YES;
				GCC_C_LANGUAGE_STANDARD = gnu11;
				GCC_NO_COMMON_BLOCKS = YES;
				GCC_WARN_64_TO_32_BIT_CONVERSION = YES;
				GCC_WARN_ABOUT_RETURN_TYPE = YES_ERROR;
				GCC_WARN_UNDECLARED_SELECTOR = YES;
				GCC_WARN_UNINITIALIZED_AUTOS = YES_AGGRESSIVE;
				GCC_WARN_UNUSED_FUNCTION = YES;
				GCC_WARN_UNUSED_VARIABLE = YES;
				IPHONEOS_DEPLOYMENT_TARGET = 11.2;
				MTL_ENABLE_DEBUG_INFO = NO;
				SDKROOT = iphoneos;
				SWIFT_OPTIMIZATION_LEVEL = "-Owholemodule";
				VALIDATE_PRODUCT = YES;
			};
			name = Release;
		};
		232F206C213A253500D68E3E /* Debug */ = {
			isa = XCBuildConfiguration;
			buildSettings = {
				ASSETCATALOG_COMPILER_APPICON_NAME = AppIcon;
				CODE_SIGN_STYLE = Automatic;
				INFOPLIST_FILE = "ProtoType 2.5/Info.plist";
				LD_RUNPATH_SEARCH_PATHS = "$(inherited) @executable_path/Frameworks";
				PRODUCT_BUNDLE_IDENTIFIER = "YimingPan.ProtoType-2-5";
				PRODUCT_NAME = "$(TARGET_NAME)";
				SWIFT_VERSION = 4.0;
				TARGETED_DEVICE_FAMILY = "1,2";
			};
			name = Debug;
		};
		232F206D213A253500D68E3E /* Release */ = {
			isa = XCBuildConfiguration;
			buildSettings = {
				ASSETCATALOG_COMPILER_APPICON_NAME = AppIcon;
				CODE_SIGN_STYLE = Automatic;
				INFOPLIST_FILE = "ProtoType 2.5/Info.plist";
				LD_RUNPATH_SEARCH_PATHS = "$(inherited) @executable_path/Frameworks";
				PRODUCT_BUNDLE_IDENTIFIER = "YimingPan.ProtoType-2-5";
				PRODUCT_NAME = "$(TARGET_NAME)";
				SWIFT_VERSION = 4.0;
				TARGETED_DEVICE_FAMILY = "1,2";
			};
			name = Release;
		};
/* End XCBuildConfiguration section */

/* Begin XCConfigurationList section */
		232F2054213A253500D68E3E /* Build configuration list for PBXProject "ProtoType 2.5" */ = {
			isa = XCConfigurationList;
			buildConfigurations = (
				232F2069213A253500D68E3E /* Debug */,
				232F206A213A253500D68E3E /* Release */,
			);
			defaultConfigurationIsVisible = 0;
			defaultConfigurationName = Release;
		};
		232F206B213A253500D68E3E /* Build configuration list for PBXNativeTarget "ProtoType 2.5" */ = {
			isa = XCConfigurationList;
			buildConfigurations = (
				232F206C213A253500D68E3E /* Debug */,
				232F206D213A253500D68E3E /* Release */,
			);
			defaultConfigurationIsVisible = 0;
			defaultConfigurationName = Release;
		};
/* End XCConfigurationList section */
	};
	rootObject = 232F2051213A253500D68E3E /* Project object */;
}
